{
  "name": "circledisc",
  "version": "0.1.1",
  "lockfileVersion": 1,
  "requires": true,
  "dependencies": {
    "@types/node": {
      "version": "8.0.26",
      "resolved": "https://registry.npmjs.org/@types/node/-/node-8.0.26.tgz",
      "integrity": "sha512-wbKN0MB4XsjdnSE04HiCzLoBDirGCM6zXrqavSj44nZnPFYpnrTF64E9O6Xmf0ca/IuKK/BHUcXwMiwk92gW6Q==",
      "dev": true
    },
    "bluebird": {
      "version": "3.5.0",
      "resolved": "https://registry.npmjs.org/bluebird/-/bluebird-3.5.0.tgz",
      "integrity": "sha1-eRQg1/VR7qKJdFOop3ZT+WYG1nw=",
      "optional": true
    },
    "eventemitter3": {
      "version": "2.0.3",
      "resolved": "https://registry.npmjs.org/eventemitter3/-/eventemitter3-2.0.3.tgz",
      "integrity": "sha1-teEHm1n7XhuidxwKmTvgYKWMmbo=",
      "optional": true
    }
  }
}
